
Microsoft Visual Studio Solution File, Format Version 12.00
# Visual Studio Version 16
VisualStudioVersion = 16.0.30114.105
MinimumVisualStudioVersion = 10.0.40219.1
Project("{2150E333-8FDC-42A3-9474-1A3956D46DE8}") = "Modules", "Modules", "{E58ED3E8-6844-496D-817D-DD68C36CEF3B}"
EndProject
Project("{2150E333-8FDC-42A3-9474-1A3956D46DE8}") = "Administration", "Administration", "{49820AD2-B21E-4CC7-9FEA-0014E83CE612}"
EndProject
Project("{F2A71F9B-5D33-465A-A702-920D77279786}") = "MyCompany.Meeting.Module.Administration.Domain", "Modules\Administration\Domain\MyCompany.Meeting.Module.Administration.Domain.fsproj", "{80B7B3DD-502B-486A-8759-DC3C3277727B}"
EndProject
Project("{2150E333-8FDC-42A3-9474-1A3956D46DE8}") = "Common", "Common", "{8CA51231-0FA4-423F-9CB2-7E1B740B148D}"
EndProject
Project("{F2A71F9B-5D33-465A-A702-920D77279786}") = "MyCompany.Meeting.Common.Domain", "Common\Domain\MyCompany.Meeting.Common.Domain.fsproj", "{8AECDBB5-AFEC-4F58-8102-D1F490F0DEA1}"
EndProject
Project("{2150E333-8FDC-42A3-9474-1A3956D46DE8}") = "Tests", "Tests", "{EBF22D7D-4852-44C1-A5A7-A97004FA6CB9}"
EndProject
Project("{F2A71F9B-5D33-465A-A702-920D77279786}") = "MyCompany.Meeting.Common.Test.Architecture", "Common\Tests\Architecture\MyCompany.Meeting.Common.Test.Architecture.fsproj", "{BC5CFCD0-86DE-409C-BE28-B820DF6CC0A9}"
EndProject
Project("{F2A71F9B-5D33-465A-A702-920D77279786}") = "MyCompany.Meeting.Common.Application.Dummy", "Common\Application\MyCompany.Meeting.Common.Application.Dummy.fsproj", "{3542F996-109B-4B34-A997-914513B4CEC5}"
EndProject
Project("{F2A71F9B-5D33-465A-A702-920D77279786}") = "MyCompany.Meeting.Common.Architecture", "Common\Architecture\MyCompany.Meeting.Common.Architecture.fsproj", "{560877C0-1022-4A8E-9E28-17819E29DE10}"
EndProject
Project("{F2A71F9B-5D33-465A-A702-920D77279786}") = "Sketch", "Sketch\Sketch.fsproj", "{ED49F5C1-231A-4BE3-9555-A10F11C84A99}"
EndProject
Project("{2150E333-8FDC-42A3-9474-1A3956D46DE8}") = "Domain", "Domain", "{1E8DE295-78E1-481F-8981-912E01F724E5}"
EndProject
Project("{F2A71F9B-5D33-465A-A702-920D77279786}") = "MyCompany.Meeting.Common.Domain.Test.Unit", "Common\Tests\Domain\Unit\MyCompany.Meeting.Common.Domain.Test.Unit.fsproj", "{A22C1770-5CD6-4796-83F5-F580C180E307}"
EndProject
Global
	GlobalSection(SolutionConfigurationPlatforms) = preSolution
		Debug|Any CPU = Debug|Any CPU
		Release|Any CPU = Release|Any CPU
	EndGlobalSection
	GlobalSection(SolutionProperties) = preSolution
		HideSolutionNode = FALSE
	EndGlobalSection
	GlobalSection(ProjectConfigurationPlatforms) = postSolution
		{80B7B3DD-502B-486A-8759-DC3C3277727B}.Debug|Any CPU.ActiveCfg = Debug|Any CPU
		{80B7B3DD-502B-486A-8759-DC3C3277727B}.Debug|Any CPU.Build.0 = Debug|Any CPU
		{80B7B3DD-502B-486A-8759-DC3C3277727B}.Release|Any CPU.ActiveCfg = Release|Any CPU
		{80B7B3DD-502B-486A-8759-DC3C3277727B}.Release|Any CPU.Build.0 = Release|Any CPU
		{8AECDBB5-AFEC-4F58-8102-D1F490F0DEA1}.Debug|Any CPU.ActiveCfg = Debug|Any CPU
		{8AECDBB5-AFEC-4F58-8102-D1F490F0DEA1}.Debug|Any CPU.Build.0 = Debug|Any CPU
		{8AECDBB5-AFEC-4F58-8102-D1F490F0DEA1}.Release|Any CPU.ActiveCfg = Release|Any CPU
		{8AECDBB5-AFEC-4F58-8102-D1F490F0DEA1}.Release|Any CPU.Build.0 = Release|Any CPU
		{BC5CFCD0-86DE-409C-BE28-B820DF6CC0A9}.Debug|Any CPU.ActiveCfg = Debug|Any CPU
		{BC5CFCD0-86DE-409C-BE28-B820DF6CC0A9}.Debug|Any CPU.Build.0 = Debug|Any CPU
		{BC5CFCD0-86DE-409C-BE28-B820DF6CC0A9}.Release|Any CPU.ActiveCfg = Release|Any CPU
		{BC5CFCD0-86DE-409C-BE28-B820DF6CC0A9}.Release|Any CPU.Build.0 = Release|Any CPU
		{3542F996-109B-4B34-A997-914513B4CEC5}.Debug|Any CPU.ActiveCfg = Debug|Any CPU
		{3542F996-109B-4B34-A997-914513B4CEC5}.Debug|Any CPU.Build.0 = Debug|Any CPU
		{3542F996-109B-4B34-A997-914513B4CEC5}.Release|Any CPU.ActiveCfg = Release|Any CPU
		{3542F996-109B-4B34-A997-914513B4CEC5}.Release|Any CPU.Build.0 = Release|Any CPU
		{560877C0-1022-4A8E-9E28-17819E29DE10}.Debug|Any CPU.ActiveCfg = Debug|Any CPU
		{560877C0-1022-4A8E-9E28-17819E29DE10}.Debug|Any CPU.Build.0 = Debug|Any CPU
		{560877C0-1022-4A8E-9E28-17819E29DE10}.Release|Any CPU.ActiveCfg = Release|Any CPU
		{560877C0-1022-4A8E-9E28-17819E29DE10}.Release|Any CPU.Build.0 = Release|Any CPU
		{ED49F5C1-231A-4BE3-9555-A10F11C84A99}.Debug|Any CPU.ActiveCfg = Debug|Any CPU
		{ED49F5C1-231A-4BE3-9555-A10F11C84A99}.Debug|Any CPU.Build.0 = Debug|Any CPU
		{ED49F5C1-231A-4BE3-9555-A10F11C84A99}.Release|Any CPU.ActiveCfg = Release|Any CPU
		{ED49F5C1-231A-4BE3-9555-A10F11C84A99}.Release|Any CPU.Build.0 = Release|Any CPU
		{A22C1770-5CD6-4796-83F5-F580C180E307}.Debug|Any CPU.ActiveCfg = Debug|Any CPU
		{A22C1770-5CD6-4796-83F5-F580C180E307}.Debug|Any CPU.Build.0 = Debug|Any CPU
		{A22C1770-5CD6-4796-83F5-F580C180E307}.Release|Any CPU.ActiveCfg = Release|Any CPU
		{A22C1770-5CD6-4796-83F5-F580C180E307}.Release|Any CPU.Build.0 = Release|Any CPU
	EndGlobalSection
	GlobalSection(NestedProjects) = preSolution
		{49820AD2-B21E-4CC7-9FEA-0014E83CE612} = {E58ED3E8-6844-496D-817D-DD68C36CEF3B}
		{80B7B3DD-502B-486A-8759-DC3C3277727B} = {49820AD2-B21E-4CC7-9FEA-0014E83CE612}
		{8AECDBB5-AFEC-4F58-8102-D1F490F0DEA1} = {8CA51231-0FA4-423F-9CB2-7E1B740B148D}
		{EBF22D7D-4852-44C1-A5A7-A97004FA6CB9} = {8CA51231-0FA4-423F-9CB2-7E1B740B148D}
		{BC5CFCD0-86DE-409C-BE28-B820DF6CC0A9} = {EBF22D7D-4852-44C1-A5A7-A97004FA6CB9}
		{3542F996-109B-4B34-A997-914513B4CEC5} = {8CA51231-0FA4-423F-9CB2-7E1B740B148D}
		{560877C0-1022-4A8E-9E28-17819E29DE10} = {8CA51231-0FA4-423F-9CB2-7E1B740B148D}
		{1E8DE295-78E1-481F-8981-912E01F724E5} = {EBF22D7D-4852-44C1-A5A7-A97004FA6CB9}
		{A22C1770-5CD6-4796-83F5-F580C180E307} = {1E8DE295-78E1-481F-8981-912E01F724E5}
	EndGlobalSection
EndGlobal
