
Microsoft Visual Studio Solution File, Format Version 12.00
# Visual Studio Version 17
VisualStudioVersion = 17.0.31903.59
MinimumVisualStudioVersion = 10.0.40219.1
Project("{6EC3EE1D-3C4E-46DD-8F32-0CC8E7565705}") = "MyNoCRM.API", "API\MyNoCRM.API.fsproj", "{37740CCB-0D71-4BAD-8C33-A6123D90FD49}"
EndProject
Global
	GlobalSection(SolutionConfigurationPlatforms) = preSolution
		Debug|Any CPU = Debug|Any CPU
		Release|Any CPU = Release|Any CPU
	EndGlobalSection
	GlobalSection(ProjectConfigurationPlatforms) = postSolution
		{37740CCB-0D71-4BAD-8C33-A6123D90FD49}.Debug|Any CPU.ActiveCfg = Debug|Any CPU
		{37740CCB-0D71-4BAD-8C33-A6123D90FD49}.Debug|Any CPU.Build.0 = Debug|Any CPU
		{37740CCB-0D71-4BAD-8C33-A6123D90FD49}.Release|Any CPU.ActiveCfg = Release|Any CPU
		{37740CCB-0D71-4BAD-8C33-A6123D90FD49}.Release|Any CPU.Build.0 = Release|Any CPU
	EndGlobalSection
	GlobalSection(SolutionProperties) = preSolution
		HideSolutionNode = FALSE
	EndGlobalSection
	GlobalSection(ExtensibilityGlobals) = postSolution
		SolutionGuid = {71D9E365-BF69-4E75-A033-28500D32A6C3}
	EndGlobalSection
EndGlobal
