
Microsoft Visual Studio Solution File, Format Version 12.00
# Visual Studio Version 17
VisualStudioVersion = 17.3.32825.248
MinimumVisualStudioVersion = 10.0.40219.1
Project("{2150E333-8FDC-42A3-9474-1A3956D46DE8}") = "src", "src", "{27D1F98C-79C0-46B7-A3A9-4C18929D3C10}"
EndProject
Project("{2150E333-8FDC-42A3-9474-1A3956D46DE8}") = "build", "build", "{BDEA03B1-2CA5-4CD1-B2E6-C2021DCABB1C}"
EndProject
Project("{2150E333-8FDC-42A3-9474-1A3956D46DE8}") = "MyCompany.MyApp", "MyCompany.MyApp", "{2F76A2C8-7503-4BFE-BD17-5D99D987F9C3}"
	ProjectSection(SolutionItems) = preProject
		.gitignore = .gitignore
	EndProjectSection
EndProject
Project("{2150E333-8FDC-42A3-9474-1A3956D46DE8}") = "MyOrder", "MyOrder", "{5C26A0B7-8589-49A6-BA08-A2365079255E}"
EndProject
Project("{2150E333-8FDC-42A3-9474-1A3956D46DE8}") = "Application", "Application", "{6CCD31DA-C9B9-47CA-B81C-15E0C899EC26}"
EndProject
Project("{6EC3EE1D-3C4E-46DD-8F32-0CC8E7565705}") = "MyCompany.MyApp.MyOrder.Application", "src\MyOrder\Application\MyCompany.MyApp.MyOrder.Application.fsproj", "{91076F41-E002-4A1E-B8BD-0503485DC96A}"
EndProject
Project("{2150E333-8FDC-42A3-9474-1A3956D46DE8}") = "Test", "Test", "{1975C2DD-29E9-49D0-95C0-8C88048EE7D6}"
EndProject
Project("{2150E333-8FDC-42A3-9474-1A3956D46DE8}") = "Unit", "Unit", "{C138D3E1-96EA-4108-801E-1C954281EDE2}"
EndProject
Project("{6EC3EE1D-3C4E-46DD-8F32-0CC8E7565705}") = "MyCompany.MyApp.MyOrder.Test.Unit", "src\MyOrder\Test\Unit\MyCompany.MyApp.MyOrder.Test.Unit.fsproj", "{DBE50287-F27D-4A82-8D38-77C952A7AB25}"
EndProject
Global
	GlobalSection(SolutionConfigurationPlatforms) = preSolution
		Debug|Any CPU = Debug|Any CPU
		Release|Any CPU = Release|Any CPU
	EndGlobalSection
	GlobalSection(ProjectConfigurationPlatforms) = postSolution
		{91076F41-E002-4A1E-B8BD-0503485DC96A}.Debug|Any CPU.ActiveCfg = Debug|Any CPU
		{91076F41-E002-4A1E-B8BD-0503485DC96A}.Debug|Any CPU.Build.0 = Debug|Any CPU
		{91076F41-E002-4A1E-B8BD-0503485DC96A}.Release|Any CPU.ActiveCfg = Release|Any CPU
		{91076F41-E002-4A1E-B8BD-0503485DC96A}.Release|Any CPU.Build.0 = Release|Any CPU
		{DBE50287-F27D-4A82-8D38-77C952A7AB25}.Debug|Any CPU.ActiveCfg = Debug|Any CPU
		{DBE50287-F27D-4A82-8D38-77C952A7AB25}.Debug|Any CPU.Build.0 = Debug|Any CPU
		{DBE50287-F27D-4A82-8D38-77C952A7AB25}.Release|Any CPU.ActiveCfg = Release|Any CPU
		{DBE50287-F27D-4A82-8D38-77C952A7AB25}.Release|Any CPU.Build.0 = Release|Any CPU
	EndGlobalSection
	GlobalSection(SolutionProperties) = preSolution
		HideSolutionNode = FALSE
	EndGlobalSection
	GlobalSection(NestedProjects) = preSolution
		{27D1F98C-79C0-46B7-A3A9-4C18929D3C10} = {2F76A2C8-7503-4BFE-BD17-5D99D987F9C3}
		{BDEA03B1-2CA5-4CD1-B2E6-C2021DCABB1C} = {2F76A2C8-7503-4BFE-BD17-5D99D987F9C3}
		{5C26A0B7-8589-49A6-BA08-A2365079255E} = {27D1F98C-79C0-46B7-A3A9-4C18929D3C10}
		{6CCD31DA-C9B9-47CA-B81C-15E0C899EC26} = {5C26A0B7-8589-49A6-BA08-A2365079255E}
		{91076F41-E002-4A1E-B8BD-0503485DC96A} = {6CCD31DA-C9B9-47CA-B81C-15E0C899EC26}
		{1975C2DD-29E9-49D0-95C0-8C88048EE7D6} = {5C26A0B7-8589-49A6-BA08-A2365079255E}
		{C138D3E1-96EA-4108-801E-1C954281EDE2} = {1975C2DD-29E9-49D0-95C0-8C88048EE7D6}
		{DBE50287-F27D-4A82-8D38-77C952A7AB25} = {C138D3E1-96EA-4108-801E-1C954281EDE2}
	EndGlobalSection
	GlobalSection(ExtensibilityGlobals) = postSolution
		SolutionGuid = {1ACB8BF9-8B7A-48D1-B192-F6CC5F75F69F}
	EndGlobalSection
EndGlobal
