
Microsoft Visual Studio Solution File, Format Version 12.00
# Visual Studio Version 17
VisualStudioVersion = 17.3.32825.248
MinimumVisualStudioVersion = 10.0.40219.1
Project("{6EC3EE1D-3C4E-46DD-8F32-0CC8E7565705}") = "MyShopify.Client", "src\Client\MyShopify.Client.fsproj", "{E057909D-4A19-4CBE-B815-D56484A18A6F}"
EndProject
Project("{6EC3EE1D-3C4E-46DD-8F32-0CC8E7565705}") = "MyShopify.Webhook", "src\Webhook\MyShopify.Webhook.fsproj", "{3A1A1384-1781-410D-9984-1B1A04D1E6A6}"
EndProject
Global
	GlobalSection(SolutionConfigurationPlatforms) = preSolution
		Debug|Any CPU = Debug|Any CPU
		Release|Any CPU = Release|Any CPU
	EndGlobalSection
	GlobalSection(ProjectConfigurationPlatforms) = postSolution
		{E057909D-4A19-4CBE-B815-D56484A18A6F}.Debug|Any CPU.ActiveCfg = Debug|Any CPU
		{E057909D-4A19-4CBE-B815-D56484A18A6F}.Debug|Any CPU.Build.0 = Debug|Any CPU
		{E057909D-4A19-4CBE-B815-D56484A18A6F}.Release|Any CPU.ActiveCfg = Release|Any CPU
		{E057909D-4A19-4CBE-B815-D56484A18A6F}.Release|Any CPU.Build.0 = Release|Any CPU
		{3A1A1384-1781-410D-9984-1B1A04D1E6A6}.Debug|Any CPU.ActiveCfg = Debug|Any CPU
		{3A1A1384-1781-410D-9984-1B1A04D1E6A6}.Debug|Any CPU.Build.0 = Debug|Any CPU
		{3A1A1384-1781-410D-9984-1B1A04D1E6A6}.Release|Any CPU.ActiveCfg = Release|Any CPU
		{3A1A1384-1781-410D-9984-1B1A04D1E6A6}.Release|Any CPU.Build.0 = Release|Any CPU
	EndGlobalSection
	GlobalSection(SolutionProperties) = preSolution
		HideSolutionNode = FALSE
	EndGlobalSection
	GlobalSection(ExtensibilityGlobals) = postSolution
		SolutionGuid = {15021AFA-7CDC-4406-BF0E-FEDDE8013F68}
	EndGlobalSection
EndGlobal
